// !$*UTF8*$!
{
	archiveVersion = 1;
	classes = {
	};
	objectVersion = 70;
	objects = {

/* Begin PBXBuildFile section */
		2E0236922F49ED6500E7639A /* WeatherCCShared.framework in Frameworks */ = {isa = PBXBuildFile; fileRef = 2E02368C2F49ED6500E7639A /* WeatherCCShared.framework */; };
		2E0236932F49ED6500E7639A /* WeatherCCShared.framework in Embed Frameworks */ = {isa = PBXBuildFile; fileRef = 2E02368C2F49ED6500E7639A /* WeatherCCShared.framework */; settings = {ATTRIBUTES = (CodeSignOnCopy, RemoveHeadersOnCopy, ); }; };
		2E0236A52F49EDAF00E7639A /* WidgetKit.framework in Frameworks */ = {isa = PBXBuildFile; fileRef = 2E0236A42F49EDAE00E7639A /* WidgetKit.framework */; };
		2E0236A72F49EDAF00E7639A /* SwiftUI.framework in Frameworks */ = {isa = PBXBuildFile; fileRef = 2E0236A62F49EDAF00E7639A /* SwiftUI.framework */; };
		2E0236B42F49EDB000E7639A /* WeatherCCWidgetExtension.appex in Embed Foundation Extensions */ = {isa = PBXBuildFile; fileRef = 2E0236A22F49EDAE00E7639A /* WeatherCCWidgetExtension.appex */; settings = {ATTRIBUTES = (RemoveHeadersOnCopy, ); }; };
		2E0236DE2F49EF4400E7639A /* WeatherCCShared.framework in Frameworks */ = {isa = PBXBuildFile; fileRef = 2E02368C2F49ED6500E7639A /* WeatherCCShared.framework */; };
		2E0236DF2F49EF4400E7639A /* WeatherCCShared.framework in Embed Frameworks */ = {isa = PBXBuildFile; fileRef = 2E02368C2F49ED6500E7639A /* WeatherCCShared.framework */; settings = {ATTRIBUTES = (CodeSignOnCopy, RemoveHeadersOnCopy, ); }; };
		AA100001 /* WeatherCCApp.swift in Sources */ = {isa = PBXBuildFile; fileRef = AA000001 /* WeatherCCApp.swift */; };
		AA100002 /* UsageViewModel.swift in Sources */ = {isa = PBXBuildFile; fileRef = AA000002 /* UsageViewModel.swift */; };
		AA100003 /* UsageFetcher.swift in Sources */ = {isa = PBXBuildFile; fileRef = AA000003 /* UsageFetcher.swift */; };
		AA100004 /* LoginWebView.swift in Sources */ = {isa = PBXBuildFile; fileRef = AA000004 /* LoginWebView.swift */; };
		AA100005 /* UsageStore.swift in Sources */ = {isa = PBXBuildFile; fileRef = AA000007 /* UsageStore.swift */; };
		AA100006 /* Settings.swift in Sources */ = {isa = PBXBuildFile; fileRef = AA000008 /* Settings.swift */; };
		AA100007 /* JSONLParser.swift in Sources */ = {isa = PBXBuildFile; fileRef = AA000009 /* JSONLParser.swift */; };
		AA100008 /* CostEstimator.swift in Sources */ = {isa = PBXBuildFile; fileRef = AA00000A /* CostEstimator.swift */; };
		AA10000B /* AnalysisExporter.swift in Sources */ = {isa = PBXBuildFile; fileRef = AA00000B /* AnalysisExporter.swift */; };
		AA10000C /* TokenStore.swift in Sources */ = {isa = PBXBuildFile; fileRef = AA00000C /* TokenStore.swift */; };
		AA10000D /* Protocols.swift in Sources */ = {isa = PBXBuildFile; fileRef = AA00000D /* Protocols.swift */; };
		AA10000E /* AnalysisSchemeHandler.swift in Sources */ = {isa = PBXBuildFile; fileRef = AA00000E /* AnalysisSchemeHandler.swift */; };
		AA100011 /* MenuContent.swift in Sources */ = {isa = PBXBuildFile; fileRef = AA000011 /* MenuContent.swift */; };
		AA100012 /* LoginWindowView.swift in Sources */ = {isa = PBXBuildFile; fileRef = AA000012 /* LoginWindowView.swift */; };
		AA100013 /* AnalysisWindowView.swift in Sources */ = {isa = PBXBuildFile; fileRef = AA000013 /* AnalysisWindowView.swift */; };
		AA100014 /* MenuBarLabel.swift in Sources */ = {isa = PBXBuildFile; fileRef = AA000014 /* MenuBarLabel.swift */; };
		AA100015 /* MiniUsageGraph.swift in Sources */ = {isa = PBXBuildFile; fileRef = AA000015 /* MiniUsageGraph.swift */; };
		AA100016 /* analysis.html in Resources */ = {isa = PBXBuildFile; fileRef = AA000016 /* analysis.html */; };
		AA100017 /* UsageViewModel+Session.swift in Sources */ = {isa = PBXBuildFile; fileRef = AA000017 /* UsageViewModel+Session.swift */; };
		AA100018 /* UsageViewModel+Settings.swift in Sources */ = {isa = PBXBuildFile; fileRef = AA000018 /* UsageViewModel+Settings.swift */; };
		AA100019 /* UsageViewModel+Predict.swift in Sources */ = {isa = PBXBuildFile; fileRef = AA000019 /* UsageViewModel+Predict.swift */; };
		AA10001A /* WebViewCoordinator.swift in Sources */ = {isa = PBXBuildFile; fileRef = AA00001A /* WebViewCoordinator.swift */; };
		BB100001 /* SettingsTests.swift in Sources */ = {isa = PBXBuildFile; fileRef = BB000001 /* SettingsTests.swift */; };
		BB100002 /* FetcherTests.swift in Sources */ = {isa = PBXBuildFile; fileRef = BB000002 /* FetcherTests.swift */; };
		BB100003 /* ViewModelTests.swift in Sources */ = {isa = PBXBuildFile; fileRef = BB000003 /* ViewModelTests.swift */; };
		BB100004 /* JSONLParserTests.swift in Sources */ = {isa = PBXBuildFile; fileRef = BB000004 /* JSONLParserTests.swift */; };
		BB100005 /* CostEstimatorTests.swift in Sources */ = {isa = PBXBuildFile; fileRef = BB000005 /* CostEstimatorTests.swift */; };
		BB100006 /* DisplayHelpersTests.swift in Sources */ = {isa = PBXBuildFile; fileRef = BB000006 /* DisplayHelpersTests.swift */; };
		BB100007 /* SnapshotModelTests.swift in Sources */ = {isa = PBXBuildFile; fileRef = BB000007 /* SnapshotModelTests.swift */; };
		BB100008 /* AnalysisExporterTests.swift in Sources */ = {isa = PBXBuildFile; fileRef = BB000008 /* AnalysisExporterTests.swift */; };
		BB100009 /* TokenStoreTests.swift in Sources */ = {isa = PBXBuildFile; fileRef = BB000009 /* TokenStoreTests.swift */; };
		BB10000A /* UsageStoreTests.swift in Sources */ = {isa = PBXBuildFile; fileRef = BB00000A /* UsageStoreTests.swift */; };
		BB10000B /* SettingsStoreTests.swift in Sources */ = {isa = PBXBuildFile; fileRef = BB00000B /* SettingsStoreTests.swift */; };
		BB10000C /* SnapshotStoreTests.swift in Sources */ = {isa = PBXBuildFile; fileRef = BB00000C /* SnapshotStoreTests.swift */; };
		BB10000D /* AppGroupConfigTests.swift in Sources */ = {isa = PBXBuildFile; fileRef = BB00000D /* AppGroupConfigTests.swift */; };
		BB10000E /* SQLiteBackupTests.swift in Sources */ = {isa = PBXBuildFile; fileRef = BB00000E /* SQLiteBackupTests.swift */; };
		BB100020 /* AnalysisTestHelpers.swift in Sources */ = {isa = PBXBuildFile; fileRef = BB000020 /* AnalysisTestHelpers.swift */; };
		BB100021 /* AnalysisSchemeHandlerTests.swift in Sources */ = {isa = PBXBuildFile; fileRef = BB000021 /* AnalysisSchemeHandlerTests.swift */; };
		BB100022 /* AnalysisWebViewIntegrationTests.swift in Sources */ = {isa = PBXBuildFile; fileRef = BB000022 /* AnalysisWebViewIntegrationTests.swift */; };
		BB100023 /* CostEstimatorParityTests.swift in Sources */ = {isa = PBXBuildFile; fileRef = BB000023 /* CostEstimatorParityTests.swift */; };
		BB100024 /* AnalysisJSTests.swift in Sources */ = {isa = PBXBuildFile; fileRef = BB000024 /* AnalysisJSTests.swift */; };
		BB100025 /* AnalysisSQLQueryTests.swift in Sources */ = {isa = PBXBuildFile; fileRef = BB000025 /* AnalysisSQLQueryTests.swift */; };
		BB100026 /* AnalysisRenderTests.swift in Sources */ = {isa = PBXBuildFile; fileRef = BB000026 /* AnalysisRenderTests.swift */; };
		BB100027 /* ViewModelTestDoubles.swift in Sources */ = {isa = PBXBuildFile; fileRef = BB000027 /* ViewModelTestDoubles.swift */; };
		BB100028 /* ViewModelTests+Settings.swift in Sources */ = {isa = PBXBuildFile; fileRef = BB000028 /* ViewModelTests+Settings.swift */; };
		BB100029 /* ViewModelTests+Fetch.swift in Sources */ = {isa = PBXBuildFile; fileRef = BB000029 /* ViewModelTests+Fetch.swift */; };
		BB10002A /* ProductionSettingsIntegrityTests.swift in Sources */ = {isa = PBXBuildFile; fileRef = BB00002A /* ProductionSettingsIntegrityTests.swift */; };
/* End PBXBuildFile section */

/* Begin PBXContainerItemProxy section */
		2E0236902F49ED6500E7639A /* PBXContainerItemProxy */ = {
			isa = PBXContainerItemProxy;
			containerPortal = AA500001 /* Project object */;
			proxyType = 1;
			remoteGlobalIDString = 2E02368B2F49ED6500E7639A;
			remoteInfo = WeatherCCShared;
		};
		2E0236B22F49EDB000E7639A /* PBXContainerItemProxy */ = {
			isa = PBXContainerItemProxy;
			containerPortal = AA500001 /* Project object */;
			proxyType = 1;
			remoteGlobalIDString = 2E0236A12F49EDAE00E7639A;
			remoteInfo = WeatherCCWidgetExtension;
		};
		2E0236E02F49EF4400E7639A /* PBXContainerItemProxy */ = {
			isa = PBXContainerItemProxy;
			containerPortal = AA500001 /* Project object */;
			proxyType = 1;
			remoteGlobalIDString = 2E02368B2F49ED6500E7639A;
			remoteInfo = WeatherCCShared;
		};
		BB500001 /* PBXContainerItemProxy */ = {
			isa = PBXContainerItemProxy;
			containerPortal = AA500001 /* Project object */;
			proxyType = 1;
			remoteGlobalIDString = AA400001;
			remoteInfo = WeatherCC;
		};
/* End PBXContainerItemProxy section */

/* Begin PBXCopyFilesBuildPhase section */
		2E0236942F49ED6500E7639A /* Embed Frameworks */ = {
			isa = PBXCopyFilesBuildPhase;
			buildActionMask = 2147483647;
			dstPath = "";
			dstSubfolderSpec = 10;
			files = (
				2E0236932F49ED6500E7639A /* WeatherCCShared.framework in Embed Frameworks */,
			);
			name = "Embed Frameworks";
			runOnlyForDeploymentPostprocessing = 0;
		};
		2E0236B92F49EDB000E7639A /* Embed Foundation Extensions */ = {
			isa = PBXCopyFilesBuildPhase;
			buildActionMask = 2147483647;
			dstPath = "";
			dstSubfolderSpec = 13;
			files = (
				2E0236B42F49EDB000E7639A /* WeatherCCWidgetExtension.appex in Embed Foundation Extensions */,
			);
			name = "Embed Foundation Extensions";
			runOnlyForDeploymentPostprocessing = 0;
		};
		2E0236E22F49EF4400E7639A /* Embed Frameworks */ = {
			isa = PBXCopyFilesBuildPhase;
			buildActionMask = 2147483647;
			dstPath = "";
			dstSubfolderSpec = 10;
			files = (
				2E0236DF2F49EF4400E7639A /* WeatherCCShared.framework in Embed Frameworks */,
			);
			name = "Embed Frameworks";
			runOnlyForDeploymentPostprocessing = 0;
		};
/* End PBXCopyFilesBuildPhase section */

/* Begin PBXFileReference section */
		2E02368C2F49ED6500E7639A /* WeatherCCShared.framework */ = {isa = PBXFileReference; explicitFileType = wrapper.framework; includeInIndex = 0; path = WeatherCCShared.framework; sourceTree = BUILT_PRODUCTS_DIR; };
		2E0236A22F49EDAE00E7639A /* WeatherCCWidgetExtension.appex */ = {isa = PBXFileReference; explicitFileType = "wrapper.app-extension"; includeInIndex = 0; path = WeatherCCWidgetExtension.appex; sourceTree = BUILT_PRODUCTS_DIR; };
		2E0236A42F49EDAE00E7639A /* WidgetKit.framework */ = {isa = PBXFileReference; lastKnownFileType = wrapper.framework; name = WidgetKit.framework; path = System/Library/Frameworks/WidgetKit.framework; sourceTree = SDKROOT; };
		2E0236A62F49EDAF00E7639A /* SwiftUI.framework */ = {isa = PBXFileReference; lastKnownFileType = wrapper.framework; name = SwiftUI.framework; path = System/Library/Frameworks/SwiftUI.framework; sourceTree = SDKROOT; };
		AA000001 /* WeatherCCApp.swift */ = {isa = PBXFileReference; lastKnownFileType = sourcecode.swift; path = WeatherCCApp.swift; sourceTree = "<group>"; };
		AA000002 /* UsageViewModel.swift */ = {isa = PBXFileReference; lastKnownFileType = sourcecode.swift; path = UsageViewModel.swift; sourceTree = "<group>"; };
		AA000003 /* UsageFetcher.swift */ = {isa = PBXFileReference; lastKnownFileType = sourcecode.swift; path = UsageFetcher.swift; sourceTree = "<group>"; };
		AA000004 /* LoginWebView.swift */ = {isa = PBXFileReference; lastKnownFileType = sourcecode.swift; path = LoginWebView.swift; sourceTree = "<group>"; };
		AA000005 /* Info.plist */ = {isa = PBXFileReference; lastKnownFileType = text.plist.xml; path = Info.plist; sourceTree = "<group>"; };
		AA000006 /* WeatherCC.entitlements */ = {isa = PBXFileReference; lastKnownFileType = text.plist.entitlements; path = WeatherCC.entitlements; sourceTree = "<group>"; };
		AA000007 /* UsageStore.swift */ = {isa = PBXFileReference; lastKnownFileType = sourcecode.swift; path = UsageStore.swift; sourceTree = "<group>"; };
		AA000008 /* Settings.swift */ = {isa = PBXFileReference; lastKnownFileType = sourcecode.swift; path = Settings.swift; sourceTree = "<group>"; };
		AA000009 /* JSONLParser.swift */ = {isa = PBXFileReference; lastKnownFileType = sourcecode.swift; path = JSONLParser.swift; sourceTree = "<group>"; };
		AA00000A /* CostEstimator.swift */ = {isa = PBXFileReference; lastKnownFileType = sourcecode.swift; path = CostEstimator.swift; sourceTree = "<group>"; };
		AA00000B /* AnalysisExporter.swift */ = {isa = PBXFileReference; lastKnownFileType = sourcecode.swift; path = AnalysisExporter.swift; sourceTree = "<group>"; };
		AA00000C /* TokenStore.swift */ = {isa = PBXFileReference; lastKnownFileType = sourcecode.swift; path = TokenStore.swift; sourceTree = "<group>"; };
		AA00000D /* Protocols.swift */ = {isa = PBXFileReference; lastKnownFileType = sourcecode.swift; path = Protocols.swift; sourceTree = "<group>"; };
		AA00000E /* AnalysisSchemeHandler.swift */ = {isa = PBXFileReference; lastKnownFileType = sourcecode.swift; path = AnalysisSchemeHandler.swift; sourceTree = "<group>"; };
		AA000011 /* MenuContent.swift */ = {isa = PBXFileReference; lastKnownFileType = sourcecode.swift; path = MenuContent.swift; sourceTree = "<group>"; };
		AA000012 /* LoginWindowView.swift */ = {isa = PBXFileReference; lastKnownFileType = sourcecode.swift; path = LoginWindowView.swift; sourceTree = "<group>"; };
		AA000013 /* AnalysisWindowView.swift */ = {isa = PBXFileReference; lastKnownFileType = sourcecode.swift; path = AnalysisWindowView.swift; sourceTree = "<group>"; };
		AA000014 /* MenuBarLabel.swift */ = {isa = PBXFileReference; lastKnownFileType = sourcecode.swift; path = MenuBarLabel.swift; sourceTree = "<group>"; };
		AA000015 /* MiniUsageGraph.swift */ = {isa = PBXFileReference; lastKnownFileType = sourcecode.swift; path = MiniUsageGraph.swift; sourceTree = "<group>"; };
		AA000016 /* analysis.html */ = {isa = PBXFileReference; lastKnownFileType = text.html; path = analysis.html; sourceTree = "<group>"; };
		AA000017 /* UsageViewModel+Session.swift */ = {isa = PBXFileReference; lastKnownFileType = sourcecode.swift; path = "UsageViewModel+Session.swift"; sourceTree = "<group>"; };
		AA000018 /* UsageViewModel+Settings.swift */ = {isa = PBXFileReference; lastKnownFileType = sourcecode.swift; path = "UsageViewModel+Settings.swift"; sourceTree = "<group>"; };
		AA000019 /* UsageViewModel+Predict.swift */ = {isa = PBXFileReference; lastKnownFileType = sourcecode.swift; path = "UsageViewModel+Predict.swift"; sourceTree = "<group>"; };
		AA00001A /* WebViewCoordinator.swift */ = {isa = PBXFileReference; lastKnownFileType = sourcecode.swift; path = WebViewCoordinator.swift; sourceTree = "<group>"; };
		AA000010 /* WeatherCC.app */ = {isa = PBXFileReference; explicitFileType = wrapper.application; includeInIndex = 0; path = WeatherCC.app; sourceTree = BUILT_PRODUCTS_DIR; };
		BB000001 /* SettingsTests.swift */ = {isa = PBXFileReference; lastKnownFileType = sourcecode.swift; path = SettingsTests.swift; sourceTree = "<group>"; };
		BB000002 /* FetcherTests.swift */ = {isa = PBXFileReference; lastKnownFileType = sourcecode.swift; path = FetcherTests.swift; sourceTree = "<group>"; };
		BB000003 /* ViewModelTests.swift */ = {isa = PBXFileReference; lastKnownFileType = sourcecode.swift; path = ViewModelTests.swift; sourceTree = "<group>"; };
		BB000004 /* JSONLParserTests.swift */ = {isa = PBXFileReference; lastKnownFileType = sourcecode.swift; path = JSONLParserTests.swift; sourceTree = "<group>"; };
		BB000005 /* CostEstimatorTests.swift */ = {isa = PBXFileReference; lastKnownFileType = sourcecode.swift; path = CostEstimatorTests.swift; sourceTree = "<group>"; };
		BB000006 /* DisplayHelpersTests.swift */ = {isa = PBXFileReference; lastKnownFileType = sourcecode.swift; path = DisplayHelpersTests.swift; sourceTree = "<group>"; };
		BB000007 /* SnapshotModelTests.swift */ = {isa = PBXFileReference; lastKnownFileType = sourcecode.swift; path = SnapshotModelTests.swift; sourceTree = "<group>"; };
		BB000008 /* AnalysisExporterTests.swift */ = {isa = PBXFileReference; lastKnownFileType = sourcecode.swift; path = AnalysisExporterTests.swift; sourceTree = "<group>"; };
		BB000009 /* TokenStoreTests.swift */ = {isa = PBXFileReference; lastKnownFileType = sourcecode.swift; path = TokenStoreTests.swift; sourceTree = "<group>"; };
		BB00000A /* UsageStoreTests.swift */ = {isa = PBXFileReference; lastKnownFileType = sourcecode.swift; path = UsageStoreTests.swift; sourceTree = "<group>"; };
		BB00000B /* SettingsStoreTests.swift */ = {isa = PBXFileReference; lastKnownFileType = sourcecode.swift; path = SettingsStoreTests.swift; sourceTree = "<group>"; };
		BB00000C /* SnapshotStoreTests.swift */ = {isa = PBXFileReference; lastKnownFileType = sourcecode.swift; path = SnapshotStoreTests.swift; sourceTree = "<group>"; };
		BB00000D /* AppGroupConfigTests.swift */ = {isa = PBXFileReference; lastKnownFileType = sourcecode.swift; path = AppGroupConfigTests.swift; sourceTree = "<group>"; };
		BB00000E /* SQLiteBackupTests.swift */ = {isa = PBXFileReference; lastKnownFileType = sourcecode.swift; path = SQLiteBackupTests.swift; sourceTree = "<group>"; };
		BB000020 /* AnalysisTestHelpers.swift */ = {isa = PBXFileReference; lastKnownFileType = sourcecode.swift; path = AnalysisTestHelpers.swift; sourceTree = "<group>"; };
		BB000021 /* AnalysisSchemeHandlerTests.swift */ = {isa = PBXFileReference; lastKnownFileType = sourcecode.swift; path = AnalysisSchemeHandlerTests.swift; sourceTree = "<group>"; };
		BB000022 /* AnalysisWebViewIntegrationTests.swift */ = {isa = PBXFileReference; lastKnownFileType = sourcecode.swift; path = AnalysisWebViewIntegrationTests.swift; sourceTree = "<group>"; };
		BB000023 /* CostEstimatorParityTests.swift */ = {isa = PBXFileReference; lastKnownFileType = sourcecode.swift; path = CostEstimatorParityTests.swift; sourceTree = "<group>"; };
		BB000024 /* AnalysisJSTests.swift */ = {isa = PBXFileReference; lastKnownFileType = sourcecode.swift; path = AnalysisJSTests.swift; sourceTree = "<group>"; };
		BB000025 /* AnalysisSQLQueryTests.swift */ = {isa = PBXFileReference; lastKnownFileType = sourcecode.swift; path = AnalysisSQLQueryTests.swift; sourceTree = "<group>"; };
		BB000026 /* AnalysisRenderTests.swift */ = {isa = PBXFileReference; lastKnownFileType = sourcecode.swift; path = AnalysisRenderTests.swift; sourceTree = "<group>"; };
		BB000027 /* ViewModelTestDoubles.swift */ = {isa = PBXFileReference; lastKnownFileType = sourcecode.swift; path = ViewModelTestDoubles.swift; sourceTree = "<group>"; };
		BB000028 /* ViewModelTests+Settings.swift */ = {isa = PBXFileReference; lastKnownFileType = sourcecode.swift; path = "ViewModelTests+Settings.swift"; sourceTree = "<group>"; };
		BB000029 /* ViewModelTests+Fetch.swift */ = {isa = PBXFileReference; lastKnownFileType = sourcecode.swift; path = "ViewModelTests+Fetch.swift"; sourceTree = "<group>"; };
		BB00002A /* ProductionSettingsIntegrityTests.swift */ = {isa = PBXFileReference; lastKnownFileType = sourcecode.swift; path = ProductionSettingsIntegrityTests.swift; sourceTree = "<group>"; };
		BB000010 /* WeatherCCTests.xctest */ = {isa = PBXFileReference; explicitFileType = wrapper.cfbundle; includeInIndex = 0; path = WeatherCCTests.xctest; sourceTree = BUILT_PRODUCTS_DIR; };
/* End PBXFileReference section */

/* Begin PBXFileSystemSynchronizedRootGroup section */
		2E02368D2F49ED6500E7639A /* WeatherCCShared */ = {isa = PBXFileSystemSynchronizedRootGroup; explicitFileTypes = {}; explicitFolders = (); path = WeatherCCShared; sourceTree = "<group>"; };
		2E0236C12F49EDE300E7639A /* WeatherCCWidget */ = {isa = PBXFileSystemSynchronizedRootGroup; explicitFileTypes = {}; explicitFolders = (); path = WeatherCCWidget; sourceTree = "<group>"; };
/* End PBXFileSystemSynchronizedRootGroup section */

/* Begin PBXFrameworksBuildPhase section */
		2E0236892F49ED6500E7639A /* Frameworks */ = {
			isa = PBXFrameworksBuildPhase;
			buildActionMask = 2147483647;
			files = (
			);
			runOnlyForDeploymentPostprocessing = 0;
		};
		2E02369F2F49EDAE00E7639A /* Frameworks */ = {
			isa = PBXFrameworksBuildPhase;
			buildActionMask = 2147483647;
			files = (
				2E0236DE2F49EF4400E7639A /* WeatherCCShared.framework in Frameworks */,
				2E0236A72F49EDAF00E7639A /* SwiftUI.framework in Frameworks */,
				2E0236A52F49EDAF00E7639A /* WidgetKit.framework in Frameworks */,
			);
			runOnlyForDeploymentPostprocessing = 0;
		};
		AA300002 /* Frameworks */ = {
			isa = PBXFrameworksBuildPhase;
			buildActionMask = 2147483647;
			files = (
				2E0236922F49ED6500E7639A /* WeatherCCShared.framework in Frameworks */,
			);
			runOnlyForDeploymentPostprocessing = 0;
		};
		BB300002 /* Frameworks */ = {
			isa = PBXFrameworksBuildPhase;
			buildActionMask = 2147483647;
			files = (
			);
			runOnlyForDeploymentPostprocessing = 0;
		};
/* End PBXFrameworksBuildPhase section */

/* Begin PBXGroup section */
		2E0236A32F49EDAE00E7639A /* Frameworks */ = {
			isa = PBXGroup;
			children = (
				2E0236A42F49EDAE00E7639A /* WidgetKit.framework */,
				2E0236A62F49EDAF00E7639A /* SwiftUI.framework */,
			);
			name = Frameworks;
			sourceTree = "<group>";
		};
		AA200000 = {
			isa = PBXGroup;
			children = (
				AA200002 /* WeatherCC */,
				BB200001 /* tests */,
				2E02368D2F49ED6500E7639A /* WeatherCCShared */,
				2E0236C12F49EDE300E7639A /* WeatherCCWidget */,
				2E0236A32F49EDAE00E7639A /* Frameworks */,
				AA200099 /* Products */,
			);
			sourceTree = "<group>";
		};
		AA200002 /* WeatherCC */ = {
			isa = PBXGroup;
			children = (
				AA200016 /* Resources */,
				AA000001 /* WeatherCCApp.swift */,
				AA000002 /* UsageViewModel.swift */,
				AA000003 /* UsageFetcher.swift */,
				AA000004 /* LoginWebView.swift */,
				AA000007 /* UsageStore.swift */,
				AA000008 /* Settings.swift */,
				AA000009 /* JSONLParser.swift */,
				AA00000A /* CostEstimator.swift */,
				AA00000B /* AnalysisExporter.swift */,
				AA00000C /* TokenStore.swift */,
				AA00000D /* Protocols.swift */,
				AA00000E /* AnalysisSchemeHandler.swift */,
				AA000011 /* MenuContent.swift */,
				AA000012 /* LoginWindowView.swift */,
				AA000013 /* AnalysisWindowView.swift */,
				AA000014 /* MenuBarLabel.swift */,
				AA000015 /* MiniUsageGraph.swift */,
				AA000017 /* UsageViewModel+Session.swift */,
				AA000018 /* UsageViewModel+Settings.swift */,
				AA000019 /* UsageViewModel+Predict.swift */,
				AA00001A /* WebViewCoordinator.swift */,
				AA000005 /* Info.plist */,
				AA000006 /* WeatherCC.entitlements */,
			);
			path = WeatherCC;
			sourceTree = "<group>";
		};
		AA200016 /* Resources */ = {
			isa = PBXGroup;
			children = (
				AA000016 /* analysis.html */,
			);
			path = Resources;
			sourceTree = "<group>";
		};
		AA200099 /* Products */ = {
			isa = PBXGroup;
			children = (
				AA000010 /* WeatherCC.app */,
				BB000010 /* WeatherCCTests.xctest */,
				2E02368C2F49ED6500E7639A /* WeatherCCShared.framework */,
				2E0236A22F49EDAE00E7639A /* WeatherCCWidgetExtension.appex */,
			);
			name = Products;
			sourceTree = "<group>";
		};
		BB200001 /* tests */ = {
			isa = PBXGroup;
			children = (
				BB200002 /* WeatherCCTests */,
			);
			path = ../tests;
			sourceTree = "<group>";
		};
		BB200002 /* WeatherCCTests */ = {
			isa = PBXGroup;
			children = (
				BB000001 /* SettingsTests.swift */,
				BB000002 /* FetcherTests.swift */,
				BB000003 /* ViewModelTests.swift */,
				BB000027 /* ViewModelTestDoubles.swift */,
				BB000028 /* ViewModelTests+Settings.swift */,
				BB000029 /* ViewModelTests+Fetch.swift */,
				BB000004 /* JSONLParserTests.swift */,
				BB000005 /* CostEstimatorTests.swift */,
				BB000006 /* DisplayHelpersTests.swift */,
				BB000007 /* SnapshotModelTests.swift */,
				BB000008 /* AnalysisExporterTests.swift */,
				BB000009 /* TokenStoreTests.swift */,
				BB00000A /* UsageStoreTests.swift */,
				BB00000B /* SettingsStoreTests.swift */,
				BB00002A /* ProductionSettingsIntegrityTests.swift */,
				BB00000C /* SnapshotStoreTests.swift */,
				BB00000D /* AppGroupConfigTests.swift */,
				BB00000E /* SQLiteBackupTests.swift */,
				BB000020 /* AnalysisTestHelpers.swift */,
				BB000021 /* AnalysisSchemeHandlerTests.swift */,
				BB000022 /* AnalysisWebViewIntegrationTests.swift */,
				BB000023 /* CostEstimatorParityTests.swift */,
				BB000024 /* AnalysisJSTests.swift */,
				BB000025 /* AnalysisSQLQueryTests.swift */,
				BB000026 /* AnalysisRenderTests.swift */,
			);
			path = WeatherCCTests;
			sourceTree = "<group>";
		};
/* End PBXGroup section */

/* Begin PBXHeadersBuildPhase section */
		2E0236872F49ED6500E7639A /* Headers */ = {
			isa = PBXHeadersBuildPhase;
			buildActionMask = 2147483647;
			files = (
			);
			runOnlyForDeploymentPostprocessing = 0;
		};
/* End PBXHeadersBuildPhase section */

/* Begin PBXNativeTarget section */
		2E02368B2F49ED6500E7639A /* WeatherCCShared */ = {
			isa = PBXNativeTarget;
			buildConfigurationList = 2E0236972F49ED6500E7639A /* Build configuration list for PBXNativeTarget "WeatherCCShared" */;
			buildPhases = (
				2E0236872F49ED6500E7639A /* Headers */,
				2E0236882F49ED6500E7639A /* Sources */,
				2E0236892F49ED6500E7639A /* Frameworks */,
				2E02368A2F49ED6500E7639A /* Resources */,
			);
			buildRules = (
			);
			dependencies = (
			);
			fileSystemSynchronizedGroups = (
				2E02368D2F49ED6500E7639A /* WeatherCCShared */,
			);
			name = WeatherCCShared;
			packageProductDependencies = (
			);
			productName = WeatherCCShared;
			productReference = 2E02368C2F49ED6500E7639A /* WeatherCCShared.framework */;
			productType = "com.apple.product-type.framework";
		};
		2E0236A12F49EDAE00E7639A /* WeatherCCWidgetExtension */ = {
			isa = PBXNativeTarget;
			buildConfigurationList = 2E0236B62F49EDB000E7639A /* Build configuration list for PBXNativeTarget "WeatherCCWidgetExtension" */;
			buildPhases = (
				2E02369E2F49EDAE00E7639A /* Sources */,
				2E02369F2F49EDAE00E7639A /* Frameworks */,
				2E0236A02F49EDAE00E7639A /* Resources */,
				2E0236E22F49EF4400E7639A /* Embed Frameworks */,
			);
			buildRules = (
			);
			dependencies = (
				2E0236E12F49EF4400E7639A /* PBXTargetDependency */,
			);
			fileSystemSynchronizedGroups = (
				2E0236C12F49EDE300E7639A /* WeatherCCWidget */,
			);
			name = WeatherCCWidgetExtension;
			packageProductDependencies = (
			);
			productName = WeatherCCWidgetExtension;
			productReference = 2E0236A22F49EDAE00E7639A /* WeatherCCWidgetExtension.appex */;
			productType = "com.apple.product-type.app-extension";
		};
		AA400001 /* WeatherCC */ = {
			isa = PBXNativeTarget;
			buildConfigurationList = AA600001 /* Build configuration list for PBXNativeTarget "WeatherCC" */;
			buildPhases = (
				AA300001 /* Sources */,
				AA300002 /* Frameworks */,
				AA300003 /* Resources */,
				2E0236942F49ED6500E7639A /* Embed Frameworks */,
				2E0236B92F49EDB000E7639A /* Embed Foundation Extensions */,
			);
			buildRules = (
			);
			dependencies = (
				2E0236912F49ED6500E7639A /* PBXTargetDependency */,
				2E0236B32F49EDB000E7639A /* PBXTargetDependency */,
			);
			name = WeatherCC;
			productName = WeatherCC;
			productReference = AA000010 /* WeatherCC.app */;
			productType = "com.apple.product-type.application";
		};
		BB400001 /* WeatherCCTests */ = {
			isa = PBXNativeTarget;
			buildConfigurationList = BB600001 /* Build configuration list for PBXNativeTarget "WeatherCCTests" */;
			buildPhases = (
				BB300001 /* Sources */,
				BB300002 /* Frameworks */,
				BB300003 /* Resources */,
			);
			buildRules = (
			);
			dependencies = (
				BB500002 /* PBXTargetDependency */,
			);
			name = WeatherCCTests;
			productName = WeatherCCTests;
			productReference = BB000010 /* WeatherCCTests.xctest */;
			productType = "com.apple.product-type.bundle.unit-test";
		};
/* End PBXNativeTarget section */

/* Begin PBXProject section */
		AA500001 /* Project object */ = {
			isa = PBXProject;
			attributes = {
				BuildIndependentTargetsInParallel = 1;
				LastSwiftUpdateCheck = 2620;
				LastUpgradeCheck = 1620;
				TargetAttributes = {
					2E02368B2F49ED6500E7639A = {
						CreatedOnToolsVersion = 26.2;
					};
					2E0236A12F49EDAE00E7639A = {
						CreatedOnToolsVersion = 26.2;
					};
				};
			};
			buildConfigurationList = AA600000 /* Build configuration list for PBXProject "WeatherCC" */;
			compatibilityVersion = "Xcode 14.0";
			developmentRegion = en;
			hasScannedForEncodings = 0;
			knownRegions = (
				en,
				Base,
			);
			mainGroup = AA200000;
			productRefGroup = AA200099 /* Products */;
			projectDirPath = "";
			projectRoot = "";
			targets = (
				AA400001 /* WeatherCC */,
				BB400001 /* WeatherCCTests */,
				2E02368B2F49ED6500E7639A /* WeatherCCShared */,
				2E0236A12F49EDAE00E7639A /* WeatherCCWidgetExtension */,
			);
		};
/* End PBXProject section */

/* Begin PBXResourcesBuildPhase section */
		2E02368A2F49ED6500E7639A /* Resources */ = {
			isa = PBXResourcesBuildPhase;
			buildActionMask = 2147483647;
			files = (
			);
			runOnlyForDeploymentPostprocessing = 0;
		};
		2E0236A02F49EDAE00E7639A /* Resources */ = {
			isa = PBXResourcesBuildPhase;
			buildActionMask = 2147483647;
			files = (
			);
			runOnlyForDeploymentPostprocessing = 0;
		};
		AA300003 /* Resources */ = {
			isa = PBXResourcesBuildPhase;
			buildActionMask = 2147483647;
			files = (
				AA100016 /* analysis.html in Resources */,
			);
			runOnlyForDeploymentPostprocessing = 0;
		};
		BB300003 /* Resources */ = {
			isa = PBXResourcesBuildPhase;
			buildActionMask = 2147483647;
			files = (
			);
			runOnlyForDeploymentPostprocessing = 0;
		};
/* End PBXResourcesBuildPhase section */

/* Begin PBXSourcesBuildPhase section */
		2E0236882F49ED6500E7639A /* Sources */ = {
			isa = PBXSourcesBuildPhase;
			buildActionMask = 2147483647;
			files = (
			);
			runOnlyForDeploymentPostprocessing = 0;
		};
		2E02369E2F49EDAE00E7639A /* Sources */ = {
			isa = PBXSourcesBuildPhase;
			buildActionMask = 2147483647;
			files = (
			);
			runOnlyForDeploymentPostprocessing = 0;
		};
		AA300001 /* Sources */ = {
			isa = PBXSourcesBuildPhase;
			buildActionMask = 2147483647;
			files = (
				AA100001 /* WeatherCCApp.swift in Sources */,
				AA100002 /* UsageViewModel.swift in Sources */,
				AA100003 /* UsageFetcher.swift in Sources */,
				AA100004 /* LoginWebView.swift in Sources */,
				AA100005 /* UsageStore.swift in Sources */,
				AA100006 /* Settings.swift in Sources */,
				AA100007 /* JSONLParser.swift in Sources */,
				AA100008 /* CostEstimator.swift in Sources */,
				AA10000B /* AnalysisExporter.swift in Sources */,
				AA10000C /* TokenStore.swift in Sources */,
				AA10000D /* Protocols.swift in Sources */,
				AA10000E /* AnalysisSchemeHandler.swift in Sources */,
				AA100011 /* MenuContent.swift in Sources */,
				AA100012 /* LoginWindowView.swift in Sources */,
				AA100013 /* AnalysisWindowView.swift in Sources */,
				AA100014 /* MenuBarLabel.swift in Sources */,
				AA100015 /* MiniUsageGraph.swift in Sources */,
				AA100017 /* UsageViewModel+Session.swift in Sources */,
				AA100018 /* UsageViewModel+Settings.swift in Sources */,
				AA100019 /* UsageViewModel+Predict.swift in Sources */,
				AA10001A /* WebViewCoordinator.swift in Sources */,
			);
			runOnlyForDeploymentPostprocessing = 0;
		};
		BB300001 /* Sources */ = {
			isa = PBXSourcesBuildPhase;
			buildActionMask = 2147483647;
			files = (
				BB100001 /* SettingsTests.swift in Sources */,
				BB100002 /* FetcherTests.swift in Sources */,
				BB100003 /* ViewModelTests.swift in Sources */,
				BB100027 /* ViewModelTestDoubles.swift in Sources */,
				BB100028 /* ViewModelTests+Settings.swift in Sources */,
				BB100029 /* ViewModelTests+Fetch.swift in Sources */,
				BB100004 /* JSONLParserTests.swift in Sources */,
				BB100005 /* CostEstimatorTests.swift in Sources */,
				BB100006 /* DisplayHelpersTests.swift in Sources */,
				BB100007 /* SnapshotModelTests.swift in Sources */,
				BB100008 /* AnalysisExporterTests.swift in Sources */,
				BB100009 /* TokenStoreTests.swift in Sources */,
				BB10000A /* UsageStoreTests.swift in Sources */,
				BB10000B /* SettingsStoreTests.swift in Sources */,
				BB10002A /* ProductionSettingsIntegrityTests.swift in Sources */,
				BB10000C /* SnapshotStoreTests.swift in Sources */,
				BB10000D /* AppGroupConfigTests.swift in Sources */,
				BB10000E /* SQLiteBackupTests.swift in Sources */,
				BB100020 /* AnalysisTestHelpers.swift in Sources */,
				BB100021 /* AnalysisSchemeHandlerTests.swift in Sources */,
				BB100022 /* AnalysisWebViewIntegrationTests.swift in Sources */,
				BB100023 /* CostEstimatorParityTests.swift in Sources */,
				BB100024 /* AnalysisJSTests.swift in Sources */,
				BB100025 /* AnalysisSQLQueryTests.swift in Sources */,
				BB100026 /* AnalysisRenderTests.swift in Sources */,
			);
			runOnlyForDeploymentPostprocessing = 0;
		};
/* End PBXSourcesBuildPhase section */

/* Begin PBXTargetDependency section */
		2E0236912F49ED6500E7639A /* PBXTargetDependency */ = {
			isa = PBXTargetDependency;
			target = 2E02368B2F49ED6500E7639A /* WeatherCCShared */;
			targetProxy = 2E0236902F49ED6500E7639A /* PBXContainerItemProxy */;
		};
		2E0236B32F49EDB000E7639A /* PBXTargetDependency */ = {
			isa = PBXTargetDependency;
			target = 2E0236A12F49EDAE00E7639A /* WeatherCCWidgetExtension */;
			targetProxy = 2E0236B22F49EDB000E7639A /* PBXContainerItemProxy */;
		};
		2E0236E12F49EF4400E7639A /* PBXTargetDependency */ = {
			isa = PBXTargetDependency;
			target = 2E02368B2F49ED6500E7639A /* WeatherCCShared */;
			targetProxy = 2E0236E02F49EF4400E7639A /* PBXContainerItemProxy */;
		};
		BB500002 /* PBXTargetDependency */ = {
			isa = PBXTargetDependency;
			target = AA400001 /* WeatherCC */;
			targetProxy = BB500001 /* PBXContainerItemProxy */;
		};
/* End PBXTargetDependency section */

/* Begin XCBuildConfiguration section */
		2E0236952F49ED6500E7639A /* Debug */ = {
			isa = XCBuildConfiguration;
			buildSettings = {
				ASSETCATALOG_COMPILER_GENERATE_SWIFT_ASSET_SYMBOL_EXTENSIONS = YES;
				BUILD_LIBRARY_FOR_DISTRIBUTION = YES;
				CLANG_ANALYZER_NONNULL = YES;
				CLANG_ANALYZER_NUMBER_OBJECT_CONVERSION = YES_AGGRESSIVE;
				CLANG_CXX_LANGUAGE_STANDARD = "gnu++20";
				CLANG_ENABLE_OBJC_WEAK = YES;
				CLANG_WARN_BLOCK_CAPTURE_AUTORELEASING = YES;
				CLANG_WARN_BOOL_CONVERSION = YES;
				CLANG_WARN_COMMA = YES;
				CLANG_WARN_CONSTANT_CONVERSION = YES;
				CLANG_WARN_DEPRECATED_OBJC_IMPLEMENTATIONS = YES;
				CLANG_WARN_DIRECT_OBJC_ISA_USAGE = YES_ERROR;
				CLANG_WARN_DOCUMENTATION_COMMENTS = YES;
				CLANG_WARN_EMPTY_BODY = YES;
				CLANG_WARN_ENUM_CONVERSION = YES;
				CLANG_WARN_INFINITE_RECURSION = YES;
				CLANG_WARN_INT_CONVERSION = YES;
				CLANG_WARN_NON_LITERAL_NULL_CONVERSION = YES;
				CLANG_WARN_OBJC_IMPLICIT_RETAIN_SELF = YES;
				CLANG_WARN_OBJC_LITERAL_CONVERSION = YES;
				CLANG_WARN_OBJC_ROOT_CLASS = YES_ERROR;
				CLANG_WARN_QUOTED_INCLUDE_IN_FRAMEWORK_HEADER = YES;
				CLANG_WARN_RANGE_LOOP_ANALYSIS = YES;
				CLANG_WARN_STRICT_PROTOTYPES = YES;
				CLANG_WARN_SUSPICIOUS_MOVE = YES;
				CLANG_WARN_UNGUARDED_AVAILABILITY = YES_AGGRESSIVE;
				CLANG_WARN_UNREACHABLE_CODE = YES;
				CLANG_WARN__DUPLICATE_METHOD_MATCH = YES;
				CODE_SIGN_STYLE = Automatic;
				COMBINE_HIDPI_IMAGES = YES;
				CURRENT_PROJECT_VERSION = 1;
				DYLIB_COMPATIBILITY_VERSION = 1;
				DYLIB_CURRENT_VERSION = 1;
				DYLIB_INSTALL_NAME_BASE = "@rpath";
				ENABLE_MODULE_VERIFIER = YES;
				ENABLE_USER_SCRIPT_SANDBOXING = YES;
				GCC_C_LANGUAGE_STANDARD = gnu17;
				GCC_NO_COMMON_BLOCKS = YES;
				GCC_WARN_64_TO_32_BIT_CONVERSION = YES;
				GCC_WARN_ABOUT_RETURN_TYPE = YES_ERROR;
				GCC_WARN_UNDECLARED_SELECTOR = YES;
				GCC_WARN_UNINITIALIZED_AUTOS = YES_AGGRESSIVE;
				GCC_WARN_UNUSED_FUNCTION = YES;
				GCC_WARN_UNUSED_VARIABLE = YES;
				GENERATE_INFOPLIST_FILE = YES;
				INFOPLIST_KEY_NSHumanReadableCopyright = "";
				INSTALL_PATH = "$(LOCAL_LIBRARY_DIR)/Frameworks";
				LD_RUNPATH_SEARCH_PATHS = (
					"$(inherited)",
					"@executable_path/../Frameworks",
					"@loader_path/Frameworks",
				);
				LOCALIZATION_PREFERS_STRING_CATALOGS = YES;
				MACOSX_DEPLOYMENT_TARGET = 26.2;
				MARKETING_VERSION = 1.0;
				MODULE_VERIFIER_SUPPORTED_LANGUAGES = "objective-c objective-c++";
				MODULE_VERIFIER_SUPPORTED_LANGUAGE_STANDARDS = "gnu17 gnu++20";
				MTL_FAST_MATH = YES;
				PRODUCT_BUNDLE_IDENTIFIER = grad13.WeatherCCShared;
				PRODUCT_NAME = "$(TARGET_NAME:c99extidentifier)";
				SKIP_INSTALL = YES;
				STRING_CATALOG_GENERATE_SYMBOLS = YES;
				SWIFT_ACTIVE_COMPILATION_CONDITIONS = "DEBUG $(inherited)";
				SWIFT_APPROACHABLE_CONCURRENCY = YES;
				SWIFT_EMIT_LOC_STRINGS = YES;
				SWIFT_INSTALL_MODULE = YES;
				SWIFT_INSTALL_OBJC_HEADER = NO;
				SWIFT_UPCOMING_FEATURE_MEMBER_IMPORT_VISIBILITY = YES;
				SWIFT_VERSION = 5.0;
				VERSIONING_SYSTEM = "apple-generic";
				VERSION_INFO_PREFIX = "";
			};
			name = Debug;
		};
		2E0236962F49ED6500E7639A /* Release */ = {
			isa = XCBuildConfiguration;
			buildSettings = {
				ASSETCATALOG_COMPILER_GENERATE_SWIFT_ASSET_SYMBOL_EXTENSIONS = YES;
				BUILD_LIBRARY_FOR_DISTRIBUTION = YES;
				CLANG_ANALYZER_NONNULL = YES;
				CLANG_ANALYZER_NUMBER_OBJECT_CONVERSION = YES_AGGRESSIVE;
				CLANG_CXX_LANGUAGE_STANDARD = "gnu++20";
				CLANG_ENABLE_OBJC_WEAK = YES;
				CLANG_WARN_BLOCK_CAPTURE_AUTORELEASING = YES;
				CLANG_WARN_BOOL_CONVERSION = YES;
				CLANG_WARN_COMMA = YES;
				CLANG_WARN_CONSTANT_CONVERSION = YES;
				CLANG_WARN_DEPRECATED_OBJC_IMPLEMENTATIONS = YES;
				CLANG_WARN_DIRECT_OBJC_ISA_USAGE = YES_ERROR;
				CLANG_WARN_DOCUMENTATION_COMMENTS = YES;
				CLANG_WARN_EMPTY_BODY = YES;
				CLANG_WARN_ENUM_CONVERSION = YES;
				CLANG_WARN_INFINITE_RECURSION = YES;
				CLANG_WARN_INT_CONVERSION = YES;
				CLANG_WARN_NON_LITERAL_NULL_CONVERSION = YES;
				CLANG_WARN_OBJC_IMPLICIT_RETAIN_SELF = YES;
				CLANG_WARN_OBJC_LITERAL_CONVERSION = YES;
				CLANG_WARN_OBJC_ROOT_CLASS = YES_ERROR;
				CLANG_WARN_QUOTED_INCLUDE_IN_FRAMEWORK_HEADER = YES;
				CLANG_WARN_RANGE_LOOP_ANALYSIS = YES;
				CLANG_WARN_STRICT_PROTOTYPES = YES;
				CLANG_WARN_SUSPICIOUS_MOVE = YES;
				CLANG_WARN_UNGUARDED_AVAILABILITY = YES_AGGRESSIVE;
				CLANG_WARN_UNREACHABLE_CODE = YES;
				CLANG_WARN__DUPLICATE_METHOD_MATCH = YES;
				CODE_SIGN_STYLE = Automatic;
				COMBINE_HIDPI_IMAGES = YES;
				CURRENT_PROJECT_VERSION = 1;
				DYLIB_COMPATIBILITY_VERSION = 1;
				DYLIB_CURRENT_VERSION = 1;
				DYLIB_INSTALL_NAME_BASE = "@rpath";
				ENABLE_MODULE_VERIFIER = YES;
				ENABLE_USER_SCRIPT_SANDBOXING = YES;
				GCC_C_LANGUAGE_STANDARD = gnu17;
				GCC_NO_COMMON_BLOCKS = YES;
				GCC_WARN_64_TO_32_BIT_CONVERSION = YES;
				GCC_WARN_ABOUT_RETURN_TYPE = YES_ERROR;
				GCC_WARN_UNDECLARED_SELECTOR = YES;
				GCC_WARN_UNINITIALIZED_AUTOS = YES_AGGRESSIVE;
				GCC_WARN_UNUSED_FUNCTION = YES;
				GCC_WARN_UNUSED_VARIABLE = YES;
				GENERATE_INFOPLIST_FILE = YES;
				INFOPLIST_KEY_NSHumanReadableCopyright = "";
				INSTALL_PATH = "$(LOCAL_LIBRARY_DIR)/Frameworks";
				LD_RUNPATH_SEARCH_PATHS = (
					"$(inherited)",
					"@executable_path/../Frameworks",
					"@loader_path/Frameworks",
				);
				LOCALIZATION_PREFERS_STRING_CATALOGS = YES;
				MACOSX_DEPLOYMENT_TARGET = 26.2;
				MARKETING_VERSION = 1.0;
				MODULE_VERIFIER_SUPPORTED_LANGUAGES = "objective-c objective-c++";
				MODULE_VERIFIER_SUPPORTED_LANGUAGE_STANDARDS = "gnu17 gnu++20";
				MTL_FAST_MATH = YES;
				PRODUCT_BUNDLE_IDENTIFIER = grad13.WeatherCCShared;
				PRODUCT_NAME = "$(TARGET_NAME:c99extidentifier)";
				SKIP_INSTALL = YES;
				STRING_CATALOG_GENERATE_SYMBOLS = YES;
				SWIFT_APPROACHABLE_CONCURRENCY = YES;
				SWIFT_EMIT_LOC_STRINGS = YES;
				SWIFT_INSTALL_MODULE = YES;
				SWIFT_INSTALL_OBJC_HEADER = NO;
				SWIFT_UPCOMING_FEATURE_MEMBER_IMPORT_VISIBILITY = YES;
				SWIFT_VERSION = 5.0;
				VERSIONING_SYSTEM = "apple-generic";
				VERSION_INFO_PREFIX = "";
			};
			name = Release;
		};
		2E0236B72F49EDB000E7639A /* Debug */ = {
			isa = XCBuildConfiguration;
			buildSettings = {
				ASSETCATALOG_COMPILER_GENERATE_SWIFT_ASSET_SYMBOL_EXTENSIONS = YES;
				ASSETCATALOG_COMPILER_GLOBAL_ACCENT_COLOR_NAME = AccentColor;
				ASSETCATALOG_COMPILER_WIDGET_BACKGROUND_COLOR_NAME = WidgetBackground;
				CLANG_ANALYZER_NONNULL = YES;
				CLANG_ANALYZER_NUMBER_OBJECT_CONVERSION = YES_AGGRESSIVE;
				CLANG_CXX_LANGUAGE_STANDARD = "gnu++20";
				CLANG_ENABLE_OBJC_WEAK = YES;
				CLANG_WARN_BLOCK_CAPTURE_AUTORELEASING = YES;
				CLANG_WARN_BOOL_CONVERSION = YES;
				CLANG_WARN_COMMA = YES;
				CLANG_WARN_CONSTANT_CONVERSION = YES;
				CLANG_WARN_DEPRECATED_OBJC_IMPLEMENTATIONS = YES;
				CLANG_WARN_DIRECT_OBJC_ISA_USAGE = YES_ERROR;
				CLANG_WARN_DOCUMENTATION_COMMENTS = YES;
				CLANG_WARN_EMPTY_BODY = YES;
				CLANG_WARN_ENUM_CONVERSION = YES;
				CLANG_WARN_INFINITE_RECURSION = YES;
				CLANG_WARN_INT_CONVERSION = YES;
				CLANG_WARN_NON_LITERAL_NULL_CONVERSION = YES;
				CLANG_WARN_OBJC_IMPLICIT_RETAIN_SELF = YES;
				CLANG_WARN_OBJC_LITERAL_CONVERSION = YES;
				CLANG_WARN_OBJC_ROOT_CLASS = YES_ERROR;
				CLANG_WARN_QUOTED_INCLUDE_IN_FRAMEWORK_HEADER = YES;
				CLANG_WARN_RANGE_LOOP_ANALYSIS = YES;
				CLANG_WARN_STRICT_PROTOTYPES = YES;
				CLANG_WARN_SUSPICIOUS_MOVE = YES;
				CLANG_WARN_UNGUARDED_AVAILABILITY = YES_AGGRESSIVE;
				CLANG_WARN_UNREACHABLE_CODE = YES;
				CLANG_WARN__DUPLICATE_METHOD_MATCH = YES;
				CODE_SIGN_ENTITLEMENTS = WeatherCCWidget/WeatherCCWidget.entitlements;
				CODE_SIGN_STYLE = Automatic;
				CURRENT_PROJECT_VERSION = 1;
				DEVELOPMENT_TEAM = C3WA2TT222;
				ENABLE_APP_SANDBOX = YES;
				ENABLE_HARDENED_RUNTIME = YES;
				ENABLE_USER_SCRIPT_SANDBOXING = YES;
				GCC_C_LANGUAGE_STANDARD = gnu17;
				GCC_NO_COMMON_BLOCKS = YES;
				GCC_WARN_64_TO_32_BIT_CONVERSION = YES;
				GCC_WARN_ABOUT_RETURN_TYPE = YES_ERROR;
				GCC_WARN_UNDECLARED_SELECTOR = YES;
				GCC_WARN_UNINITIALIZED_AUTOS = YES_AGGRESSIVE;
				GCC_WARN_UNUSED_FUNCTION = YES;
				GCC_WARN_UNUSED_VARIABLE = YES;
				GENERATE_INFOPLIST_FILE = YES;
				INFOPLIST_FILE = WeatherCCWidget/Info.plist;
				INFOPLIST_KEY_CFBundleDisplayName = WeatherCCWidget;
				INFOPLIST_KEY_NSHumanReadableCopyright = "";
				LD_RUNPATH_SEARCH_PATHS = (
					"$(inherited)",
					"@executable_path/../Frameworks",
					"@executable_path/../../../../Frameworks",
				);
				LOCALIZATION_PREFERS_STRING_CATALOGS = YES;
				MACOSX_DEPLOYMENT_TARGET = 14.6;
				MARKETING_VERSION = 0.1.0;
				MTL_FAST_MATH = YES;
				PRODUCT_BUNDLE_IDENTIFIER = grad13.weathercc.app.WeatherCCWidget;
				PRODUCT_NAME = "$(TARGET_NAME)";
				SKIP_INSTALL = YES;
				STRING_CATALOG_GENERATE_SYMBOLS = YES;
				SWIFT_ACTIVE_COMPILATION_CONDITIONS = "DEBUG $(inherited)";
				SWIFT_APPROACHABLE_CONCURRENCY = YES;
				SWIFT_EMIT_LOC_STRINGS = YES;
				SWIFT_UPCOMING_FEATURE_MEMBER_IMPORT_VISIBILITY = YES;
				SWIFT_VERSION = 5.0;
			};
			name = Debug;
		};
		2E0236B82F49EDB000E7639A /* Release */ = {
			isa = XCBuildConfiguration;
			buildSettings = {
				ASSETCATALOG_COMPILER_GENERATE_SWIFT_ASSET_SYMBOL_EXTENSIONS = YES;
				ASSETCATALOG_COMPILER_GLOBAL_ACCENT_COLOR_NAME = AccentColor;
				ASSETCATALOG_COMPILER_WIDGET_BACKGROUND_COLOR_NAME = WidgetBackground;
				CLANG_ANALYZER_NONNULL = YES;
				CLANG_ANALYZER_NUMBER_OBJECT_CONVERSION = YES_AGGRESSIVE;
				CLANG_CXX_LANGUAGE_STANDARD = "gnu++20";
				CLANG_ENABLE_OBJC_WEAK = YES;
				CLANG_WARN_BLOCK_CAPTURE_AUTORELEASING = YES;
				CLANG_WARN_BOOL_CONVERSION = YES;
				CLANG_WARN_COMMA = YES;
				CLANG_WARN_CONSTANT_CONVERSION = YES;
				CLANG_WARN_DEPRECATED_OBJC_IMPLEMENTATIONS = YES;
				CLANG_WARN_DIRECT_OBJC_ISA_USAGE = YES_ERROR;
				CLANG_WARN_DOCUMENTATION_COMMENTS = YES;
				CLANG_WARN_EMPTY_BODY = YES;
				CLANG_WARN_ENUM_CONVERSION = YES;
				CLANG_WARN_INFINITE_RECURSION = YES;
				CLANG_WARN_INT_CONVERSION = YES;
				CLANG_WARN_NON_LITERAL_NULL_CONVERSION = YES;
				CLANG_WARN_OBJC_IMPLICIT_RETAIN_SELF = YES;
				CLANG_WARN_OBJC_LITERAL_CONVERSION = YES;
				CLANG_WARN_OBJC_ROOT_CLASS = YES_ERROR;
				CLANG_WARN_QUOTED_INCLUDE_IN_FRAMEWORK_HEADER = YES;
				CLANG_WARN_RANGE_LOOP_ANALYSIS = YES;
				CLANG_WARN_STRICT_PROTOTYPES = YES;
				CLANG_WARN_SUSPICIOUS_MOVE = YES;
				CLANG_WARN_UNGUARDED_AVAILABILITY = YES_AGGRESSIVE;
				CLANG_WARN_UNREACHABLE_CODE = YES;
				CLANG_WARN__DUPLICATE_METHOD_MATCH = YES;
				CODE_SIGN_ENTITLEMENTS = WeatherCCWidget/WeatherCCWidget.entitlements;
				CODE_SIGN_STYLE = Automatic;
				CURRENT_PROJECT_VERSION = 1;
				DEVELOPMENT_TEAM = C3WA2TT222;
				ENABLE_APP_SANDBOX = YES;
				ENABLE_HARDENED_RUNTIME = YES;
				ENABLE_USER_SCRIPT_SANDBOXING = YES;
				GCC_C_LANGUAGE_STANDARD = gnu17;
				GCC_NO_COMMON_BLOCKS = YES;
				GCC_WARN_64_TO_32_BIT_CONVERSION = YES;
				GCC_WARN_ABOUT_RETURN_TYPE = YES_ERROR;
				GCC_WARN_UNDECLARED_SELECTOR = YES;
				GCC_WARN_UNINITIALIZED_AUTOS = YES_AGGRESSIVE;
				GCC_WARN_UNUSED_FUNCTION = YES;
				GCC_WARN_UNUSED_VARIABLE = YES;
				GENERATE_INFOPLIST_FILE = YES;
				INFOPLIST_FILE = WeatherCCWidget/Info.plist;
				INFOPLIST_KEY_CFBundleDisplayName = WeatherCCWidget;
				INFOPLIST_KEY_NSHumanReadableCopyright = "";
				LD_RUNPATH_SEARCH_PATHS = (
					"$(inherited)",
					"@executable_path/../Frameworks",
					"@executable_path/../../../../Frameworks",
				);
				LOCALIZATION_PREFERS_STRING_CATALOGS = YES;
				MACOSX_DEPLOYMENT_TARGET = 14.6;
				MARKETING_VERSION = 0.1.0;
				MTL_FAST_MATH = YES;
				PRODUCT_BUNDLE_IDENTIFIER = grad13.weathercc.app.WeatherCCWidget;
				PRODUCT_NAME = "$(TARGET_NAME)";
				SKIP_INSTALL = YES;
				STRING_CATALOG_GENERATE_SYMBOLS = YES;
				SWIFT_APPROACHABLE_CONCURRENCY = YES;
				SWIFT_EMIT_LOC_STRINGS = YES;
				SWIFT_UPCOMING_FEATURE_MEMBER_IMPORT_VISIBILITY = YES;
				SWIFT_VERSION = 5.0;
			};
			name = Release;
		};
		AA700001 /* Debug */ = {
			isa = XCBuildConfiguration;
			buildSettings = {
				ALWAYS_SEARCH_USER_PATHS = NO;
				CLANG_ENABLE_MODULES = YES;
				CLANG_ENABLE_OBJC_ARC = YES;
				CODE_SIGN_STYLE = Automatic;
				COPY_PHASE_STRIP = NO;
				DEBUG_INFORMATION_FORMAT = dwarf;
				ENABLE_STRICT_OBJC_MSGSEND = YES;
				ENABLE_TESTABILITY = YES;
				GCC_DYNAMIC_NO_PIC = NO;
				GCC_OPTIMIZATION_LEVEL = 0;
				GCC_PREPROCESSOR_DEFINITIONS = (
					"DEBUG=1",
					"$(inherited)",
				);
				MACOSX_DEPLOYMENT_TARGET = 14.0;
				MTL_ENABLE_DEBUG_INFO = INCLUDE_SOURCE;
				ONLY_ACTIVE_ARCH = YES;
				SDKROOT = macosx;
				SWIFT_ACTIVE_COMPILATION_CONDITIONS = "$(inherited) DEBUG";
				SWIFT_OPTIMIZATION_LEVEL = "-Onone";
				SWIFT_VERSION = 5.0;
			};
			name = Debug;
		};
		AA700002 /* Release */ = {
			isa = XCBuildConfiguration;
			buildSettings = {
				ALWAYS_SEARCH_USER_PATHS = NO;
				CLANG_ENABLE_MODULES = YES;
				CLANG_ENABLE_OBJC_ARC = YES;
				CODE_SIGN_STYLE = Automatic;
				COPY_PHASE_STRIP = NO;
				DEBUG_INFORMATION_FORMAT = "dwarf-with-dsym";
				ENABLE_NS_ASSERTIONS = NO;
				ENABLE_STRICT_OBJC_MSGSEND = YES;
				GCC_OPTIMIZATION_LEVEL = s;
				MACOSX_DEPLOYMENT_TARGET = 14.0;
				MTL_ENABLE_DEBUG_INFO = NO;
				SDKROOT = macosx;
				SWIFT_COMPILATION_MODE = wholemodule;
				SWIFT_VERSION = 5.0;
			};
			name = Release;
		};
		AA700003 /* Debug */ = {
			isa = XCBuildConfiguration;
			buildSettings = {
				ASSETCATALOG_COMPILER_APPICON_NAME = AppIcon;
				CODE_SIGN_ENTITLEMENTS = WeatherCC/WeatherCC.entitlements;
				COMBINE_HIDPI_IMAGES = YES;
				CURRENT_PROJECT_VERSION = 1;
				DEVELOPMENT_TEAM = C3WA2TT222;
				ENABLE_APP_SANDBOX = NO;
				GENERATE_INFOPLIST_FILE = YES;
				INFOPLIST_FILE = WeatherCC/Info.plist;
				INFOPLIST_KEY_CFBundleDisplayName = WeatherCC;
				INFOPLIST_KEY_LSApplicationCategoryType = "public.app-category.utilities";
				INFOPLIST_KEY_NSHumanReadableCopyright = "Copyright © 2026 grad13";
				LD_RUNPATH_SEARCH_PATHS = (
					"$(inherited)",
					"@executable_path/../Frameworks",
				);
				MARKETING_VERSION = 0.7.0;
				PRODUCT_BUNDLE_IDENTIFIER = grad13.weathercc.app;
				PRODUCT_NAME = "$(TARGET_NAME)";
				SWIFT_EMIT_LOC_STRINGS = YES;
				SWIFT_VERSION = 5.0;
			};
			name = Debug;
		};
		AA700004 /* Release */ = {
			isa = XCBuildConfiguration;
			buildSettings = {
				ASSETCATALOG_COMPILER_APPICON_NAME = AppIcon;
				CODE_SIGN_ENTITLEMENTS = WeatherCC/WeatherCC.entitlements;
				COMBINE_HIDPI_IMAGES = YES;
				CURRENT_PROJECT_VERSION = 1;
				DEVELOPMENT_TEAM = C3WA2TT222;
				ENABLE_APP_SANDBOX = NO;
				GENERATE_INFOPLIST_FILE = YES;
				INFOPLIST_FILE = WeatherCC/Info.plist;
				INFOPLIST_KEY_CFBundleDisplayName = WeatherCC;
				INFOPLIST_KEY_LSApplicationCategoryType = "public.app-category.utilities";
				INFOPLIST_KEY_NSHumanReadableCopyright = "Copyright © 2026 grad13";
				LD_RUNPATH_SEARCH_PATHS = (
					"$(inherited)",
					"@executable_path/../Frameworks",
				);
				MARKETING_VERSION = 0.7.0;
				PRODUCT_BUNDLE_IDENTIFIER = grad13.weathercc.app;
				PRODUCT_NAME = "$(TARGET_NAME)";
				SWIFT_EMIT_LOC_STRINGS = YES;
				SWIFT_VERSION = 5.0;
			};
			name = Release;
		};
		BB700001 /* Debug */ = {
			isa = XCBuildConfiguration;
			buildSettings = {
				BUNDLE_LOADER = "$(TEST_HOST)";
				CODE_SIGN_STYLE = Automatic;
				CURRENT_PROJECT_VERSION = 1;
				GENERATE_INFOPLIST_FILE = YES;
				MACOSX_DEPLOYMENT_TARGET = 14.0;
				PRODUCT_BUNDLE_IDENTIFIER = grad13.weathercc.tests;
				PRODUCT_NAME = "$(TARGET_NAME)";
				SWIFT_EMIT_LOC_STRINGS = NO;
				SWIFT_VERSION = 5.0;
				TEST_HOST = "$(BUILT_PRODUCTS_DIR)/WeatherCC.app/Contents/MacOS/WeatherCC";
			};
			name = Debug;
		};
		BB700002 /* Release */ = {
			isa = XCBuildConfiguration;
			buildSettings = {
				BUNDLE_LOADER = "$(TEST_HOST)";
				CODE_SIGN_STYLE = Automatic;
				CURRENT_PROJECT_VERSION = 1;
				GENERATE_INFOPLIST_FILE = YES;
				MACOSX_DEPLOYMENT_TARGET = 14.0;
				PRODUCT_BUNDLE_IDENTIFIER = grad13.weathercc.tests;
				PRODUCT_NAME = "$(TARGET_NAME)";
				SWIFT_EMIT_LOC_STRINGS = NO;
				SWIFT_VERSION = 5.0;
				TEST_HOST = "$(BUILT_PRODUCTS_DIR)/WeatherCC.app/Contents/MacOS/WeatherCC";
			};
			name = Release;
		};
/* End XCBuildConfiguration section */

/* Begin XCConfigurationList section */
		2E0236972F49ED6500E7639A /* Build configuration list for PBXNativeTarget "WeatherCCShared" */ = {
			isa = XCConfigurationList;
			buildConfigurations = (
				2E0236952F49ED6500E7639A /* Debug */,
				2E0236962F49ED6500E7639A /* Release */,
			);
			defaultConfigurationIsVisible = 0;
			defaultConfigurationName = Release;
		};
		2E0236B62F49EDB000E7639A /* Build configuration list for PBXNativeTarget "WeatherCCWidgetExtension" */ = {
			isa = XCConfigurationList;
			buildConfigurations = (
				2E0236B72F49EDB000E7639A /* Debug */,
				2E0236B82F49EDB000E7639A /* Release */,
			);
			defaultConfigurationIsVisible = 0;
			defaultConfigurationName = Release;
		};
		AA600000 /* Build configuration list for PBXProject "WeatherCC" */ = {
			isa = XCConfigurationList;
			buildConfigurations = (
				AA700001 /* Debug */,
				AA700002 /* Release */,
			);
			defaultConfigurationIsVisible = 0;
			defaultConfigurationName = Release;
		};
		AA600001 /* Build configuration list for PBXNativeTarget "WeatherCC" */ = {
			isa = XCConfigurationList;
			buildConfigurations = (
				AA700003 /* Debug */,
				AA700004 /* Release */,
			);
			defaultConfigurationIsVisible = 0;
			defaultConfigurationName = Release;
		};
		BB600001 /* Build configuration list for PBXNativeTarget "WeatherCCTests" */ = {
			isa = XCConfigurationList;
			buildConfigurations = (
				BB700001 /* Debug */,
				BB700002 /* Release */,
			);
			defaultConfigurationIsVisible = 0;
			defaultConfigurationName = Release;
		};
/* End XCConfigurationList section */
	};
	rootObject = AA500001 /* Project object */;
}
